
Microsoft Visual Studio Solution File, Format Version 12.00
# Visual Studio Version 17
VisualStudioVersion = 17.10.35013.160
MinimumVisualStudioVersion = 10.0.40219.1
Project("{9A19103F-16F7-4668-BE54-9A1E7A4F7556}") = "SteamGameTracker", "SteamGameTracker\SteamGameTracker.csproj", "{7AFBB9AF-1707-4DF9-BB04-B73A08AD5B73}"
EndProject
Project("{9A19103F-16F7-4668-BE54-9A1E7A4F7556}") = "SteamGameTracker.Tests", "SteamGameTracker.Tests\SteamGameTracker.Tests.csproj", "{FFEDA5B7-4E94-4FA4-90EF-224579CD712C}"
EndProject
Global
	GlobalSection(SolutionConfigurationPlatforms) = preSolution
		Debug|Any CPU = Debug|Any CPU
		Release|Any CPU = Release|Any CPU
	EndGlobalSection
	GlobalSection(ProjectConfigurationPlatforms) = postSolution
		{7AFBB9AF-1707-4DF9-BB04-B73A08AD5B73}.Debug|Any CPU.ActiveCfg = Debug|Any CPU
		{7AFBB9AF-1707-4DF9-BB04-B73A08AD5B73}.Debug|Any CPU.Build.0 = Debug|Any CPU
		{7AFBB9AF-1707-4DF9-BB04-B73A08AD5B73}.Release|Any CPU.ActiveCfg = Release|Any CPU
		{7AFBB9AF-1707-4DF9-BB04-B73A08AD5B73}.Release|Any CPU.Build.0 = Release|Any CPU
		{FFEDA5B7-4E94-4FA4-90EF-224579CD712C}.Debug|Any CPU.ActiveCfg = Debug|Any CPU
		{FFEDA5B7-4E94-4FA4-90EF-224579CD712C}.Debug|Any CPU.Build.0 = Debug|Any CPU
		{FFEDA5B7-4E94-4FA4-90EF-224579CD712C}.Release|Any CPU.ActiveCfg = Release|Any CPU
		{FFEDA5B7-4E94-4FA4-90EF-224579CD712C}.Release|Any CPU.Build.0 = Release|Any CPU
	EndGlobalSection
	GlobalSection(SolutionProperties) = preSolution
		HideSolutionNode = FALSE
	EndGlobalSection
	GlobalSection(ExtensibilityGlobals) = postSolution
		SolutionGuid = {2F600973-C5CA-4F8D-864D-33144218A0E5}
	EndGlobalSection
EndGlobal
